{
    "_meta": {
        "hash": {
            "sha256": "c7116dcacc2c3ecb7f3b0100f470ba4ee5710ffc7d1eba5eaed3a2b8bb0fc4a6"
        },
        "pipfile-spec": 6,
        "requires": {
            "python_version": "3.5"
        },
        "sources": [
            {
                "name": "pypi",
                "url": "https://pypi.python.org/simple",
                "verify_ssl": true
            }
        ]
    },
    "default": {
        "bottle": {
            "hashes": [
                "sha256:39b751aee0b167be8dffb63ca81b735bbf1dd0905b3bc42761efedee8f123355"
            ],
            "version": "==0.12.13"
        },
        "gunicorn": {
            "hashes": [
                "sha256:75af03c99389535f218cc596c7de74df4763803f7b63eb09d77e92b3956b36c6",
                "sha256:eee1169f0ca667be05db3351a0960765620dad53f53434262ff8901b68a1b622"
            ],
            "version": "==19.7.1"
        }
    },
    "develop": {}
}
